// !$*UTF8*$!
{
	archiveVersion = 1;
	classes = {
	};
	objectVersion = 46;
	objects = {

/* Begin PBXBuildFile section */
		5C24B5B31CC595C000AE6919 /* AppDelegate.swift in Sources */ = {isa = PBXBuildFile; fileRef = 5C24B5B21CC595C000AE6919 /* AppDelegate.swift */; };
		5C24B5B51CC595C000AE6919 /* PyschologistViewController.swift in Sources */ = {isa = PBXBuildFile; fileRef = 5C24B5B41CC595C000AE6919 /* PyschologistViewController.swift */; };
		5C24B5B81CC595C000AE6919 /* Main.storyboard in Resources */ = {isa = PBXBuildFile; fileRef = 5C24B5B61CC595C000AE6919 /* Main.storyboard */; };
		5C24B5BA1CC595C000AE6919 /* Assets.xcassets in Resources */ = {isa = PBXBuildFile; fileRef = 5C24B5B91CC595C000AE6919 /* Assets.xcassets */; };
		5C24B5BD1CC595C000AE6919 /* LaunchScreen.storyboard in Resources */ = {isa = PBXBuildFile; fileRef = 5C24B5BB1CC595C000AE6919 /* LaunchScreen.storyboard */; };
		5C24B5C81CC595C000AE6919 /* PyschologistTests.swift in Sources */ = {isa = PBXBuildFile; fileRef = 5C24B5C71CC595C000AE6919 /* PyschologistTests.swift */; };
		5C24B5D31CC595C000AE6919 /* PyschologistUITests.swift in Sources */ = {isa = PBXBuildFile; fileRef = 5C24B5D21CC595C000AE6919 /* PyschologistUITests.swift */; };
		5C24B5E21CC597CA00AE6919 /* FaceView.swift in Sources */ = {isa = PBXBuildFile; fileRef = 5C24B5E01CC597CA00AE6919 /* FaceView.swift */; };
		5C24B5E31CC597CA00AE6919 /* HappinessViewController.swift in Sources */ = {isa = PBXBuildFile; fileRef = 5C24B5E11CC597CA00AE6919 /* HappinessViewController.swift */; };
		5C24B5E51CC5B4A800AE6919 /* ShowTextViewController.swift in Sources */ = {isa = PBXBuildFile; fileRef = 5C24B5E41CC5B4A800AE6919 /* ShowTextViewController.swift */; };
		5C24B5E71CC5B64E00AE6919 /* DiagnosedViewController.swift in Sources */ = {isa = PBXBuildFile; fileRef = 5C24B5E61CC5B64E00AE6919 /* DiagnosedViewController.swift */; };
/* End PBXBuildFile section */

/* Begin PBXContainerItemProxy section */
		5C24B5C41CC595C000AE6919 /* PBXContainerItemProxy */ = {
			isa = PBXContainerItemProxy;
			containerPortal = 5C24B5A71CC595C000AE6919 /* Project object */;
			proxyType = 1;
			remoteGlobalIDString = 5C24B5AE1CC595C000AE6919;
			remoteInfo = Pyschologist;
		};
		5C24B5CF1CC595C000AE6919 /* PBXContainerItemProxy */ = {
			isa = PBXContainerItemProxy;
			containerPortal = 5C24B5A71CC595C000AE6919 /* Project object */;
			proxyType = 1;
			remoteGlobalIDString = 5C24B5AE1CC595C000AE6919;
			remoteInfo = Pyschologist;
		};
/* End PBXContainerItemProxy section */

/* Begin PBXFileReference section */
		5C24B5AF1CC595C000AE6919 /* Pyschologist.app */ = {isa = PBXFileReference; explicitFileType = wrapper.application; includeInIndex = 0; path = Pyschologist.app; sourceTree = BUILT_PRODUCTS_DIR; };
		5C24B5B21CC595C000AE6919 /* AppDelegate.swift */ = {isa = PBXFileReference; lastKnownFileType = sourcecode.swift; path = AppDelegate.swift; sourceTree = "<group>"; };
		5C24B5B41CC595C000AE6919 /* PyschologistViewController.swift */ = {isa = PBXFileReference; lastKnownFileType = sourcecode.swift; path = PyschologistViewController.swift; sourceTree = "<group>"; };
		5C24B5B71CC595C000AE6919 /* Base */ = {isa = PBXFileReference; lastKnownFileType = file.storyboard; name = Base; path = Base.lproj/Main.storyboard; sourceTree = "<group>"; };
		5C24B5B91CC595C000AE6919 /* Assets.xcassets */ = {isa = PBXFileReference; lastKnownFileType = folder.assetcatalog; path = Assets.xcassets; sourceTree = "<group>"; };
		5C24B5BC1CC595C000AE6919 /* Base */ = {isa = PBXFileReference; lastKnownFileType = file.storyboard; name = Base; path = Base.lproj/LaunchScreen.storyboard; sourceTree = "<group>"; };
		5C24B5BE1CC595C000AE6919 /* Info.plist */ = {isa = PBXFileReference; lastKnownFileType = text.plist.xml; path = Info.plist; sourceTree = "<group>"; };
		5C24B5C31CC595C000AE6919 /* PyschologistTests.xctest */ = {isa = PBXFileReference; explicitFileType = wrapper.cfbundle; includeInIndex = 0; path = PyschologistTests.xctest; sourceTree = BUILT_PRODUCTS_DIR; };
		5C24B5C71CC595C000AE6919 /* PyschologistTests.swift */ = {isa = PBXFileReference; lastKnownFileType = sourcecode.swift; path = PyschologistTests.swift; sourceTree = "<group>"; };
		5C24B5C91CC595C000AE6919 /* Info.plist */ = {isa = PBXFileReference; lastKnownFileType = text.plist.xml; path = Info.plist; sourceTree = "<group>"; };
		5C24B5CE1CC595C000AE6919 /* PyschologistUITests.xctest */ = {isa = PBXFileReference; explicitFileType = wrapper.cfbundle; includeInIndex = 0; path = PyschologistUITests.xctest; sourceTree = BUILT_PRODUCTS_DIR; };
		5C24B5D21CC595C000AE6919 /* PyschologistUITests.swift */ = {isa = PBXFileReference; lastKnownFileType = sourcecode.swift; path = PyschologistUITests.swift; sourceTree = "<group>"; };
		5C24B5D41CC595C000AE6919 /* Info.plist */ = {isa = PBXFileReference; lastKnownFileType = text.plist.xml; path = Info.plist; sourceTree = "<group>"; };
		5C24B5E01CC597CA00AE6919 /* FaceView.swift */ = {isa = PBXFileReference; fileEncoding = 4; lastKnownFileType = sourcecode.swift; path = FaceView.swift; sourceTree = "<group>"; };
		5C24B5E11CC597CA00AE6919 /* HappinessViewController.swift */ = {isa = PBXFileReference; fileEncoding = 4; lastKnownFileType = sourcecode.swift; path = HappinessViewController.swift; sourceTree = "<group>"; };
		5C24B5E41CC5B4A800AE6919 /* ShowTextViewController.swift */ = {isa = PBXFileReference; fileEncoding = 4; lastKnownFileType = sourcecode.swift; path = ShowTextViewController.swift; sourceTree = "<group>"; };
		5C24B5E61CC5B64E00AE6919 /* DiagnosedViewController.swift */ = {isa = PBXFileReference; fileEncoding = 4; lastKnownFileType = sourcecode.swift; path = DiagnosedViewController.swift; sourceTree = "<group>"; };
/* End PBXFileReference section */

/* Begin PBXFrameworksBuildPhase section */
		5C24B5AC1CC595C000AE6919 /* Frameworks */ = {
			isa = PBXFrameworksBuildPhase;
			buildActionMask = 2147483647;
			files = (
			);
			runOnlyForDeploymentPostprocessing = 0;
		};
		5C24B5C01CC595C000AE6919 /* Frameworks */ = {
			isa = PBXFrameworksBuildPhase;
			buildActionMask = 2147483647;
			files = (
			);
			runOnlyForDeploymentPostprocessing = 0;
		};
		5C24B5CB1CC595C000AE6919 /* Frameworks */ = {
			isa = PBXFrameworksBuildPhase;
			buildActionMask = 2147483647;
			files = (
			);
			runOnlyForDeploymentPostprocessing = 0;
		};
/* End PBXFrameworksBuildPhase section */

/* Begin PBXGroup section */
		5C24B5A61CC595C000AE6919 = {
			isa = PBXGroup;
			children = (
				5C24B5B11CC595C000AE6919 /* Pyschologist */,
				5C24B5C61CC595C000AE6919 /* PyschologistTests */,
				5C24B5D11CC595C000AE6919 /* PyschologistUITests */,
				5C24B5B01CC595C000AE6919 /* Products */,
			);
			sourceTree = "<group>";
		};
		5C24B5B01CC595C000AE6919 /* Products */ = {
			isa = PBXGroup;
			children = (
				5C24B5AF1CC595C000AE6919 /* Pyschologist.app */,
				5C24B5C31CC595C000AE6919 /* PyschologistTests.xctest */,
				5C24B5CE1CC595C000AE6919 /* PyschologistUITests.xctest */,
			);
			name = Products;
			sourceTree = "<group>";
		};
		5C24B5B11CC595C000AE6919 /* Pyschologist */ = {
			isa = PBXGroup;
			children = (
				5C24B5E01CC597CA00AE6919 /* FaceView.swift */,
				5C24B5E11CC597CA00AE6919 /* HappinessViewController.swift */,
				5C24B5B21CC595C000AE6919 /* AppDelegate.swift */,
				5C24B5B41CC595C000AE6919 /* PyschologistViewController.swift */,
				5C24B5B61CC595C000AE6919 /* Main.storyboard */,
				5C24B5E41CC5B4A800AE6919 /* ShowTextViewController.swift */,
				5C24B5B91CC595C000AE6919 /* Assets.xcassets */,
				5C24B5BB1CC595C000AE6919 /* LaunchScreen.storyboard */,
				5C24B5BE1CC595C000AE6919 /* Info.plist */,
				5C24B5E61CC5B64E00AE6919 /* DiagnosedViewController.swift */,
			);
			path = Pyschologist;
			sourceTree = "<group>";
		};
		5C24B5C61CC595C000AE6919 /* PyschologistTests */ = {
			isa = PBXGroup;
			children = (
				5C24B5C71CC595C000AE6919 /* PyschologistTests.swift */,
				5C24B5C91CC595C000AE6919 /* Info.plist */,
			);
			path = PyschologistTests;
			sourceTree = "<group>";
		};
		5C24B5D11CC595C000AE6919 /* PyschologistUITests */ = {
			isa = PBXGroup;
			children = (
				5C24B5D21CC595C000AE6919 /* PyschologistUITests.swift */,
				5C24B5D41CC595C000AE6919 /* Info.plist */,
			);
			path = PyschologistUITests;
			sourceTree = "<group>";
		};
/* End PBXGroup section */

/* Begin PBXNativeTarget section */
		5C24B5AE1CC595C000AE6919 /* Pyschologist */ = {
			isa = PBXNativeTarget;
			buildConfigurationList = 5C24B5D71CC595C000AE6919 /* Build configuration list for PBXNativeTarget "Pyschologist" */;
			buildPhases = (
				5C24B5AB1CC595C000AE6919 /* Sources */,
				5C24B5AC1CC595C000AE6919 /* Frameworks */,
				5C24B5AD1CC595C000AE6919 /* Resources */,
			);
			buildRules = (
			);
			dependencies = (
			);
			name = Pyschologist;
			productName = Pyschologist;
			productReference = 5C24B5AF1CC595C000AE6919 /* Pyschologist.app */;
			productType = "com.apple.product-type.application";
		};
		5C24B5C21CC595C000AE6919 /* PyschologistTests */ = {
			isa = PBXNativeTarget;
			buildConfigurationList = 5C24B5DA1CC595C000AE6919 /* Build configuration list for PBXNativeTarget "PyschologistTests" */;
			buildPhases = (
				5C24B5BF1CC595C000AE6919 /* Sources */,
				5C24B5C01CC595C000AE6919 /* Frameworks */,
				5C24B5C11CC595C000AE6919 /* Resources */,
			);
			buildRules = (
			);
			dependencies = (
				5C24B5C51CC595C000AE6919 /* PBXTargetDependency */,
			);
			name = PyschologistTests;
			productName = PyschologistTests;
			productReference = 5C24B5C31CC595C000AE6919 /* PyschologistTests.xctest */;
			productType = "com.apple.product-type.bundle.unit-test";
		};
		5C24B5CD1CC595C000AE6919 /* PyschologistUITests */ = {
			isa = PBXNativeTarget;
			buildConfigurationList = 5C24B5DD1CC595C000AE6919 /* Build configuration list for PBXNativeTarget "PyschologistUITests" */;
			buildPhases = (
				5C24B5CA1CC595C000AE6919 /* Sources */,
				5C24B5CB1CC595C000AE6919 /* Frameworks */,
				5C24B5CC1CC595C000AE6919 /* Resources */,
			);
			buildRules = (
			);
			dependencies = (
				5C24B5D01CC595C000AE6919 /* PBXTargetDependency */,
			);
			name = PyschologistUITests;
			productName = PyschologistUITests;
			productReference = 5C24B5CE1CC595C000AE6919 /* PyschologistUITests.xctest */;
			productType = "com.apple.product-type.bundle.ui-testing";
		};
/* End PBXNativeTarget section */

/* Begin PBXProject section */
		5C24B5A71CC595C000AE6919 /* Project object */ = {
			isa = PBXProject;
			attributes = {
				LastSwiftUpdateCheck = 0730;
				LastUpgradeCheck = 0730;
				ORGANIZATIONNAME = "Abiodun Shuaib";
				TargetAttributes = {
					5C24B5AE1CC595C000AE6919 = {
						CreatedOnToolsVersion = 7.3;
					};
					5C24B5C21CC595C000AE6919 = {
						CreatedOnToolsVersion = 7.3;
						TestTargetID = 5C24B5AE1CC595C000AE6919;
					};
					5C24B5CD1CC595C000AE6919 = {
						CreatedOnToolsVersion = 7.3;
						TestTargetID = 5C24B5AE1CC595C000AE6919;
					};
				};
			};
			buildConfigurationList = 5C24B5AA1CC595C000AE6919 /* Build configuration list for PBXProject "Pyschologist" */;
			compatibilityVersion = "Xcode 3.2";
			developmentRegion = English;
			hasScannedForEncodings = 0;
			knownRegions = (
				en,
				Base,
			);
			mainGroup = 5C24B5A61CC595C000AE6919;
			productRefGroup = 5C24B5B01CC595C000AE6919 /* Products */;
			projectDirPath = "";
			projectRoot = "";
			targets = (
				5C24B5AE1CC595C000AE6919 /* Pyschologist */,
				5C24B5C21CC595C000AE6919 /* PyschologistTests */,
				5C24B5CD1CC595C000AE6919 /* PyschologistUITests */,
			);
		};
/* End PBXProject section */

/* Begin PBXResourcesBuildPhase section */
		5C24B5AD1CC595C000AE6919 /* Resources */ = {
			isa = PBXResourcesBuildPhase;
			buildActionMask = 2147483647;
			files = (
				5C24B5BD1CC595C000AE6919 /* LaunchScreen.storyboard in Resources */,
				5C24B5BA1CC595C000AE6919 /* Assets.xcassets in Resources */,
				5C24B5B81CC595C000AE6919 /* Main.storyboard in Resources */,
			);
			runOnlyForDeploymentPostprocessing = 0;
		};
		5C24B5C11CC595C000AE6919 /* Resources */ = {
			isa = PBXResourcesBuildPhase;
			buildActionMask = 2147483647;
			files = (
			);
			runOnlyForDeploymentPostprocessing = 0;
		};
		5C24B5CC1CC595C000AE6919 /* Resources */ = {
			isa = PBXResourcesBuildPhase;
			buildActionMask = 2147483647;
			files = (
			);
			runOnlyForDeploymentPostprocessing = 0;
		};
/* End PBXResourcesBuildPhase section */

/* Begin PBXSourcesBuildPhase section */
		5C24B5AB1CC595C000AE6919 /* Sources */ = {
			isa = PBXSourcesBuildPhase;
			buildActionMask = 2147483647;
			files = (
				5C24B5B51CC595C000AE6919 /* PyschologistViewController.swift in Sources */,
				5C24B5E51CC5B4A800AE6919 /* ShowTextViewController.swift in Sources */,
				5C24B5B31CC595C000AE6919 /* AppDelegate.swift in Sources */,
				5C24B5E31CC597CA00AE6919 /* HappinessViewController.swift in Sources */,
				5C24B5E71CC5B64E00AE6919 /* DiagnosedViewController.swift in Sources */,
				5C24B5E21CC597CA00AE6919 /* FaceView.swift in Sources */,
			);
			runOnlyForDeploymentPostprocessing = 0;
		};
		5C24B5BF1CC595C000AE6919 /* Sources */ = {
			isa = PBXSourcesBuildPhase;
			buildActionMask = 2147483647;
			files = (
				5C24B5C81CC595C000AE6919 /* PyschologistTests.swift in Sources */,
			);
			runOnlyForDeploymentPostprocessing = 0;
		};
		5C24B5CA1CC595C000AE6919 /* Sources */ = {
			isa = PBXSourcesBuildPhase;
			buildActionMask = 2147483647;
			files = (
				5C24B5D31CC595C000AE6919 /* PyschologistUITests.swift in Sources */,
			);
			runOnlyForDeploymentPostprocessing = 0;
		};
/* End PBXSourcesBuildPhase section */

/* Begin PBXTargetDependency section */
		5C24B5C51CC595C000AE6919 /* PBXTargetDependency */ = {
			isa = PBXTargetDependency;
			target = 5C24B5AE1CC595C000AE6919 /* Pyschologist */;
			targetProxy = 5C24B5C41CC595C000AE6919 /* PBXContainerItemProxy */;
		};
		5C24B5D01CC595C000AE6919 /* PBXTargetDependency */ = {
			isa = PBXTargetDependency;
			target = 5C24B5AE1CC595C000AE6919 /* Pyschologist */;
			targetProxy = 5C24B5CF1CC595C000AE6919 /* PBXContainerItemProxy */;
		};
/* End PBXTargetDependency section */

/* Begin PBXVariantGroup section */
		5C24B5B61CC595C000AE6919 /* Main.storyboard */ = {
			isa = PBXVariantGroup;
			children = (
				5C24B5B71CC595C000AE6919 /* Base */,
			);
			name = Main.storyboard;
			sourceTree = "<group>";
		};
		5C24B5BB1CC595C000AE6919 /* LaunchScreen.storyboard */ = {
			isa = PBXVariantGroup;
			children = (
				5C24B5BC1CC595C000AE6919 /* Base */,
			);
			name = LaunchScreen.storyboard;
			sourceTree = "<group>";
		};
/* End PBXVariantGroup section */

/* Begin XCBuildConfiguration section */
		5C24B5D51CC595C000AE6919 /* Debug */ = {
			isa = XCBuildConfiguration;
			buildSettings = {
				ALWAYS_SEARCH_USER_PATHS = NO;
				CLANG_ANALYZER_NONNULL = YES;
				CLANG_CXX_LANGUAGE_STANDARD = "gnu++0x";
				CLANG_CXX_LIBRARY = "libc++";
				CLANG_ENABLE_MODULES = YES;
				CLANG_ENABLE_OBJC_ARC = YES;
				CLANG_WARN_BOOL_CONVERSION = YES;
				CLANG_WARN_CONSTANT_CONVERSION = YES;
				CLANG_WARN_DIRECT_OBJC_ISA_USAGE = YES_ERROR;
				CLANG_WARN_EMPTY_BODY = YES;
				CLANG_WARN_ENUM_CONVERSION = YES;
				CLANG_WARN_INT_CONVERSION = YES;
				CLANG_WARN_OBJC_ROOT_CLASS = YES_ERROR;
				CLANG_WARN_UNREACHABLE_CODE = YES;
				CLANG_WARN__DUPLICATE_METHOD_MATCH = YES;
				"CODE_SIGN_IDENTITY[sdk=iphoneos*]" = "iPhone Developer";
				COPY_PHASE_STRIP = NO;
				DEBUG_INFORMATION_FORMAT = dwarf;
				ENABLE_STRICT_OBJC_MSGSEND = YES;
				ENABLE_TESTABILITY = YES;
				GCC_C_LANGUAGE_STANDARD = gnu99;
				GCC_DYNAMIC_NO_PIC = NO;
				GCC_NO_COMMON_BLOCKS = YES;
				GCC_OPTIMIZATION_LEVEL = 0;
				GCC_PREPROCESSOR_DEFINITIONS = (
					"DEBUG=1",
					"$(inherited)",
				);
				GCC_WARN_64_TO_32_BIT_CONVERSION = YES;
				GCC_WARN_ABOUT_RETURN_TYPE = YES_ERROR;
				GCC_WARN_UNDECLARED_SELECTOR = YES;
				GCC_WARN_UNINITIALIZED_AUTOS = YES_AGGRESSIVE;
				GCC_WARN_UNUSED_FUNCTION = YES;
				GCC_WARN_UNUSED_VARIABLE = YES;
				IPHONEOS_DEPLOYMENT_TARGET = 9.3;
				MTL_ENABLE_DEBUG_INFO = YES;
				ONLY_ACTIVE_ARCH = YES;
				SDKROOT = iphoneos;
				SWIFT_OPTIMIZATION_LEVEL = "-Onone";
			};
			name = Debug;
		};
		5C24B5D61CC595C000AE6919 /* Release */ = {
			isa = XCBuildConfiguration;
			buildSettings = {
				ALWAYS_SEARCH_USER_PATHS = NO;
				CLANG_ANALYZER_NONNULL = YES;
				CLANG_CXX_LANGUAGE_STANDARD = "gnu++0x";
				CLANG_CXX_LIBRARY = "libc++";
				CLANG_ENABLE_MODULES = YES;
				CLANG_ENABLE_OBJC_ARC = YES;
				CLANG_WARN_BOOL_CONVERSION = YES;
				CLANG_WARN_CONSTANT_CONVERSION = YES;
				CLANG_WARN_DIRECT_OBJC_ISA_USAGE = YES_ERROR;
				CLANG_WARN_EMPTY_BODY = YES;
				CLANG_WARN_ENUM_CONVERSION = YES;
				CLANG_WARN_INT_CONVERSION = YES;
				CLANG_WARN_OBJC_ROOT_CLASS = YES_ERROR;
				CLANG_WARN_UNREACHABLE_CODE = YES;
				CLANG_WARN__DUPLICATE_METHOD_MATCH = YES;
				"CODE_SIGN_IDENTITY[sdk=iphoneos*]" = "iPhone Developer";
				COPY_PHASE_STRIP = NO;
				DEBUG_INFORMATION_FORMAT = "dwarf-with-dsym";
				ENABLE_NS_ASSERTIONS = NO;
				ENABLE_STRICT_OBJC_MSGSEND = YES;
				GCC_C_LANGUAGE_STANDARD = gnu99;
				GCC_NO_COMMON_BLOCKS = YES;
				GCC_WARN_64_TO_32_BIT_CONVERSION = YES;
				GCC_WARN_ABOUT_RETURN_TYPE = YES_ERROR;
				GCC_WARN_UNDECLARED_SELECTOR = YES;
				GCC_WARN_UNINITIALIZED_AUTOS = YES_AGGRESSIVE;
				GCC_WARN_UNUSED_FUNCTION = YES;
				GCC_WARN_UNUSED_VARIABLE = YES;
				IPHONEOS_DEPLOYMENT_TARGET = 9.3;
				MTL_ENABLE_DEBUG_INFO = NO;
				SDKROOT = iphoneos;
				VALIDATE_PRODUCT = YES;
			};
			name = Release;
		};
		5C24B5D81CC595C000AE6919 /* Debug */ = {
			isa = XCBuildConfiguration;
			buildSettings = {
				ASSETCATALOG_COMPILER_APPICON_NAME = AppIcon;
				INFOPLIST_FILE = Pyschologist/Info.plist;
				LD_RUNPATH_SEARCH_PATHS = "$(inherited) @executable_path/Frameworks";
				PRODUCT_BUNDLE_IDENTIFIER = com.golden.Pyschologist;
				PRODUCT_NAME = "$(TARGET_NAME)";
			};
			name = Debug;
		};
		5C24B5D91CC595C000AE6919 /* Release */ = {
			isa = XCBuildConfiguration;
			buildSettings = {
				ASSETCATALOG_COMPILER_APPICON_NAME = AppIcon;
				INFOPLIST_FILE = Pyschologist/Info.plist;
				LD_RUNPATH_SEARCH_PATHS = "$(inherited) @executable_path/Frameworks";
				PRODUCT_BUNDLE_IDENTIFIER = com.golden.Pyschologist;
				PRODUCT_NAME = "$(TARGET_NAME)";
			};
			name = Release;
		};
		5C24B5DB1CC595C000AE6919 /* Debug */ = {
			isa = XCBuildConfiguration;
			buildSettings = {
				BUNDLE_LOADER = "$(TEST_HOST)";
				INFOPLIST_FILE = PyschologistTests/Info.plist;
				LD_RUNPATH_SEARCH_PATHS = "$(inherited) @executable_path/Frameworks @loader_path/Frameworks";
				PRODUCT_BUNDLE_IDENTIFIER = com.golden.PyschologistTests;
				PRODUCT_NAME = "$(TARGET_NAME)";
				TEST_HOST = "$(BUILT_PRODUCTS_DIR)/Pyschologist.app/Pyschologist";
			};
			name = Debug;
		};
		5C24B5DC1CC595C000AE6919 /* Release */ = {
			isa = XCBuildConfiguration;
			buildSettings = {
				BUNDLE_LOADER = "$(TEST_HOST)";
				INFOPLIST_FILE = PyschologistTests/Info.plist;
				LD_RUNPATH_SEARCH_PATHS = "$(inherited) @executable_path/Frameworks @loader_path/Frameworks";
				PRODUCT_BUNDLE_IDENTIFIER = com.golden.PyschologistTests;
				PRODUCT_NAME = "$(TARGET_NAME)";
				TEST_HOST = "$(BUILT_PRODUCTS_DIR)/Pyschologist.app/Pyschologist";
			};
			name = Release;
		};
		5C24B5DE1CC595C000AE6919 /* Debug */ = {
			isa = XCBuildConfiguration;
			buildSettings = {
				INFOPLIST_FILE = PyschologistUITests/Info.plist;
				LD_RUNPATH_SEARCH_PATHS = "$(inherited) @executable_path/Frameworks @loader_path/Frameworks";
				PRODUCT_BUNDLE_IDENTIFIER = com.golden.PyschologistUITests;
				PRODUCT_NAME = "$(TARGET_NAME)";
				TEST_TARGET_NAME = Pyschologist;
			};
			name = Debug;
		};
		5C24B5DF1CC595C000AE6919 /* Release */ = {
			isa = XCBuildConfiguration;
			buildSettings = {
				INFOPLIST_FILE = PyschologistUITests/Info.plist;
				LD_RUNPATH_SEARCH_PATHS = "$(inherited) @executable_path/Frameworks @loader_path/Frameworks";
				PRODUCT_BUNDLE_IDENTIFIER = com.golden.PyschologistUITests;
				PRODUCT_NAME = "$(TARGET_NAME)";
				TEST_TARGET_NAME = Pyschologist;
			};
			name = Release;
		};
/* End XCBuildConfiguration section */

/* Begin XCConfigurationList section */
		5C24B5AA1CC595C000AE6919 /* Build configuration list for PBXProject "Pyschologist" */ = {
			isa = XCConfigurationList;
			buildConfigurations = (
				5C24B5D51CC595C000AE6919 /* Debug */,
				5C24B5D61CC595C000AE6919 /* Release */,
			);
			defaultConfigurationIsVisible = 0;
			defaultConfigurationName = Release;
		};
		5C24B5D71CC595C000AE6919 /* Build configuration list for PBXNativeTarget "Pyschologist" */ = {
			isa = XCConfigurationList;
			buildConfigurations = (
				5C24B5D81CC595C000AE6919 /* Debug */,
				5C24B5D91CC595C000AE6919 /* Release */,
			);
			defaultConfigurationIsVisible = 0;
		};
		5C24B5DA1CC595C000AE6919 /* Build configuration list for PBXNativeTarget "PyschologistTests" */ = {
			isa = XCConfigurationList;
			buildConfigurations = (
				5C24B5DB1CC595C000AE6919 /* Debug */,
				5C24B5DC1CC595C000AE6919 /* Release */,
			);
			defaultConfigurationIsVisible = 0;
		};
		5C24B5DD1CC595C000AE6919 /* Build configuration list for PBXNativeTarget "PyschologistUITests" */ = {
			isa = XCConfigurationList;
			buildConfigurations = (
				5C24B5DE1CC595C000AE6919 /* Debug */,
				5C24B5DF1CC595C000AE6919 /* Release */,
			);
			defaultConfigurationIsVisible = 0;
		};
/* End XCConfigurationList section */
	};
	rootObject = 5C24B5A71CC595C000AE6919 /* Project object */;
}
